// !$*UTF8*$!
{
	archiveVersion = 1;
	classes = {
	};
	objectVersion = 46;
	objects = {

/* Begin PBXBuildFile section */
		B863BBF31646BE7600963FE0 /* EditBeerViewController.m in Sources */ = {isa = PBXBuildFile; fileRef = B863BBF11646BE7600963FE0 /* EditBeerViewController.m */; };
		B863BBF41646BE7600963FE0 /* EditBeerViewController.xib in Resources */ = {isa = PBXBuildFile; fileRef = B863BBF21646BE7600963FE0 /* EditBeerViewController.xib */; };
		B87EB9901645DAA10087C0EE /* UIKit.framework in Frameworks */ = {isa = PBXBuildFile; fileRef = B87EB98F1645DAA10087C0EE /* UIKit.framework */; };
		B87EB9921645DAA10087C0EE /* Foundation.framework in Frameworks */ = {isa = PBXBuildFile; fileRef = B87EB9911645DAA10087C0EE /* Foundation.framework */; };
		B87EB9941645DAA10087C0EE /* CoreGraphics.framework in Frameworks */ = {isa = PBXBuildFile; fileRef = B87EB9931645DAA10087C0EE /* CoreGraphics.framework */; };
		B87EB99A1645DAA10087C0EE /* InfoPlist.strings in Resources */ = {isa = PBXBuildFile; fileRef = B87EB9981645DAA10087C0EE /* InfoPlist.strings */; };
		B87EB99C1645DAA10087C0EE /* main.m in Sources */ = {isa = PBXBuildFile; fileRef = B87EB99B1645DAA10087C0EE /* main.m */; };
		B87EB9A01645DAA10087C0EE /* AppDelegate.m in Sources */ = {isa = PBXBuildFile; fileRef = B87EB99F1645DAA10087C0EE /* AppDelegate.m */; };
		B87EB9A21645DAA10087C0EE /* Default.png in Resources */ = {isa = PBXBuildFile; fileRef = B87EB9A11645DAA10087C0EE /* Default.png */; };
		B87EB9A41645DAA10087C0EE /* Default@2x.png in Resources */ = {isa = PBXBuildFile; fileRef = B87EB9A31645DAA10087C0EE /* Default@2x.png */; };
		B87EB9A61645DAA10087C0EE /* Default-568h@2x.png in Resources */ = {isa = PBXBuildFile; fileRef = B87EB9A51645DAA10087C0EE /* Default-568h@2x.png */; };
		B87EB9A91645DAA10087C0EE /* BeersViewController.m in Sources */ = {isa = PBXBuildFile; fileRef = B87EB9A81645DAA10087C0EE /* BeersViewController.m */; };
		B87EB9AC1645DAA10087C0EE /* BeersViewController.xib in Resources */ = {isa = PBXBuildFile; fileRef = B87EB9AA1645DAA10087C0EE /* BeersViewController.xib */; };
		B87EB9B81645DB920087C0EE /* Beer.m in Sources */ = {isa = PBXBuildFile; fileRef = B87EB9B71645DB920087C0EE /* Beer.m */; };
		B87EB9D31645DEA10087C0EE /* beer_allagash_white.jpg in Resources */ = {isa = PBXBuildFile; fileRef = B87EB9B91645DEA10087C0EE /* beer_allagash_white.jpg */; };
		B87EB9D41645DEA10087C0EE /* beer_anchor_christmas.jpg in Resources */ = {isa = PBXBuildFile; fileRef = B87EB9BA1645DEA10087C0EE /* beer_anchor_christmas.jpg */; };
		B87EB9D51645DEA10087C0EE /* beer_anchor_steam.jpg in Resources */ = {isa = PBXBuildFile; fileRef = B87EB9BB1645DEA10087C0EE /* beer_anchor_steam.jpg */; };
		B8E72F30164662A9003A71DB /* BeerDetailViewController.m in Sources */ = {isa = PBXBuildFile; fileRef = B8E72F2E164662A9003A71DB /* BeerDetailViewController.m */; };
		B8E72F31164662A9003A71DB /* BeerDetailViewController.xib in Resources */ = {isa = PBXBuildFile; fileRef = B8E72F2F164662A9003A71DB /* BeerDetailViewController.xib */; };
		B8E72F7216467F8A003A71DB /* DataModel.m in Sources */ = {isa = PBXBuildFile; fileRef = B8E72F7116467F8A003A71DB /* DataModel.m */; };
/* End PBXBuildFile section */

/* Begin PBXFileReference section */
		B863BBF01646BE7600963FE0 /* EditBeerViewController.h */ = {isa = PBXFileReference; fileEncoding = 4; lastKnownFileType = sourcecode.c.h; path = EditBeerViewController.h; sourceTree = "<group>"; };
		B863BBF11646BE7600963FE0 /* EditBeerViewController.m */ = {isa = PBXFileReference; fileEncoding = 4; lastKnownFileType = sourcecode.c.objc; path = EditBeerViewController.m; sourceTree = "<group>"; };
		B863BBF21646BE7600963FE0 /* EditBeerViewController.xib */ = {isa = PBXFileReference; fileEncoding = 4; lastKnownFileType = file.xib; path = EditBeerViewController.xib; sourceTree = "<group>"; };
		B87EB98B1645DAA10087C0EE /* Beers with memory.app */ = {isa = PBXFileReference; explicitFileType = wrapper.application; includeInIndex = 0; path = "Beers with memory.app"; sourceTree = BUILT_PRODUCTS_DIR; };
		B87EB98F1645DAA10087C0EE /* UIKit.framework */ = {isa = PBXFileReference; lastKnownFileType = wrapper.framework; name = UIKit.framework; path = System/Library/Frameworks/UIKit.framework; sourceTree = SDKROOT; };
		B87EB9911645DAA10087C0EE /* Foundation.framework */ = {isa = PBXFileReference; lastKnownFileType = wrapper.framework; name = Foundation.framework; path = System/Library/Frameworks/Foundation.framework; sourceTree = SDKROOT; };
		B87EB9931645DAA10087C0EE /* CoreGraphics.framework */ = {isa = PBXFileReference; lastKnownFileType = wrapper.framework; name = CoreGraphics.framework; path = System/Library/Frameworks/CoreGraphics.framework; sourceTree = SDKROOT; };
		B87EB9971645DAA10087C0EE /* Beers with memory-Info.plist */ = {isa = PBXFileReference; lastKnownFileType = text.plist.xml; path = "Beers with memory-Info.plist"; sourceTree = "<group>"; };
		B87EB9991645DAA10087C0EE /* en */ = {isa = PBXFileReference; lastKnownFileType = text.plist.strings; name = en; path = en.lproj/InfoPlist.strings; sourceTree = "<group>"; };
		B87EB99B1645DAA10087C0EE /* main.m */ = {isa = PBXFileReference; lastKnownFileType = sourcecode.c.objc; path = main.m; sourceTree = "<group>"; };
		B87EB99D1645DAA10087C0EE /* Beers with memory-Prefix.pch */ = {isa = PBXFileReference; lastKnownFileType = sourcecode.c.h; path = "Beers with memory-Prefix.pch"; sourceTree = "<group>"; };
		B87EB99E1645DAA10087C0EE /* AppDelegate.h */ = {isa = PBXFileReference; lastKnownFileType = sourcecode.c.h; path = AppDelegate.h; sourceTree = "<group>"; };
		B87EB99F1645DAA10087C0EE /* AppDelegate.m */ = {isa = PBXFileReference; lastKnownFileType = sourcecode.c.objc; path = AppDelegate.m; sourceTree = "<group>"; };
		B87EB9A11645DAA10087C0EE /* Default.png */ = {isa = PBXFileReference; lastKnownFileType = image.png; path = Default.png; sourceTree = "<group>"; };
		B87EB9A31645DAA10087C0EE /* Default@2x.png */ = {isa = PBXFileReference; lastKnownFileType = image.png; path = "Default@2x.png"; sourceTree = "<group>"; };
		B87EB9A51645DAA10087C0EE /* Default-568h@2x.png */ = {isa = PBXFileReference; lastKnownFileType = image.png; path = "Default-568h@2x.png"; sourceTree = "<group>"; };
		B87EB9A71645DAA10087C0EE /* BeersViewController.h */ = {isa = PBXFileReference; lastKnownFileType = sourcecode.c.h; path = BeersViewController.h; sourceTree = "<group>"; };
		B87EB9A81645DAA10087C0EE /* BeersViewController.m */ = {isa = PBXFileReference; lastKnownFileType = sourcecode.c.objc; path = BeersViewController.m; sourceTree = "<group>"; };
		B87EB9AB1645DAA10087C0EE /* en */ = {isa = PBXFileReference; lastKnownFileType = file.xib; name = en; path = en.lproj/BeersViewController.xib; sourceTree = "<group>"; };
		B87EB9B61645DB920087C0EE /* Beer.h */ = {isa = PBXFileReference; fileEncoding = 4; lastKnownFileType = sourcecode.c.h; name = Beer.h; path = "Beers with memory/Beer.h"; sourceTree = "<group>"; };
		B87EB9B71645DB920087C0EE /* Beer.m */ = {isa = PBXFileReference; fileEncoding = 4; lastKnownFileType = sourcecode.c.objc; name = Beer.m; path = "Beers with memory/Beer.m"; sourceTree = "<group>"; };
		B87EB9B91645DEA10087C0EE /* beer_allagash_white.jpg */ = {isa = PBXFileReference; lastKnownFileType = image.jpeg; path = beer_allagash_white.jpg; sourceTree = "<group>"; };
		B87EB9BA1645DEA10087C0EE /* beer_anchor_christmas.jpg */ = {isa = PBXFileReference; lastKnownFileType = image.jpeg; path = beer_anchor_christmas.jpg; sourceTree = "<group>"; };
		B87EB9BB1645DEA10087C0EE /* beer_anchor_steam.jpg */ = {isa = PBXFileReference; lastKnownFileType = image.jpeg; path = beer_anchor_steam.jpg; sourceTree = "<group>"; };
		B8E72F2D164662A9003A71DB /* BeerDetailViewController.h */ = {isa = PBXFileReference; fileEncoding = 4; lastKnownFileType = sourcecode.c.h; path = BeerDetailViewController.h; sourceTree = "<group>"; };
		B8E72F2E164662A9003A71DB /* BeerDetailViewController.m */ = {isa = PBXFileReference; fileEncoding = 4; lastKnownFileType = sourcecode.c.objc; path = BeerDetailViewController.m; sourceTree = "<group>"; };
		B8E72F2F164662A9003A71DB /* BeerDetailViewController.xib */ = {isa = PBXFileReference; fileEncoding = 4; lastKnownFileType = file.xib; path = BeerDetailViewController.xib; sourceTree = "<group>"; };
		B8E72F7016467F8A003A71DB /* DataModel.h */ = {isa = PBXFileReference; fileEncoding = 4; lastKnownFileType = sourcecode.c.h; name = DataModel.h; path = "Beers with memory/DataModel.h"; sourceTree = "<group>"; };
		B8E72F7116467F8A003A71DB /* DataModel.m */ = {isa = PBXFileReference; fileEncoding = 4; lastKnownFileType = sourcecode.c.objc; name = DataModel.m; path = "Beers with memory/DataModel.m"; sourceTree = "<group>"; };
/* End PBXFileReference section */

/* Begin PBXFrameworksBuildPhase section */
		B87EB9881645DAA10087C0EE /* Frameworks */ = {
			isa = PBXFrameworksBuildPhase;
			buildActionMask = 2147483647;
			files = (
				B87EB9901645DAA10087C0EE /* UIKit.framework in Frameworks */,
				B87EB9921645DAA10087C0EE /* Foundation.framework in Frameworks */,
				B87EB9941645DAA10087C0EE /* CoreGraphics.framework in Frameworks */,
			);
			runOnlyForDeploymentPostprocessing = 0;
		};
/* End PBXFrameworksBuildPhase section */

/* Begin PBXGroup section */
		B87EB9801645DAA10087C0EE = {
			isa = PBXGroup;
			children = (
				B87EB9ED1645DEA60087C0EE /* Images */,
				B87EB9EE1645DEAB0087C0EE /* Model */,
				B87EB9951645DAA10087C0EE /* Beers with memory */,
				B87EB98E1645DAA10087C0EE /* Frameworks */,
				B87EB98C1645DAA10087C0EE /* Products */,
			);
			sourceTree = "<group>";
		};
		B87EB98C1645DAA10087C0EE /* Products */ = {
			isa = PBXGroup;
			children = (
				B87EB98B1645DAA10087C0EE /* Beers with memory.app */,
			);
			name = Products;
			sourceTree = "<group>";
		};
		B87EB98E1645DAA10087C0EE /* Frameworks */ = {
			isa = PBXGroup;
			children = (
				B87EB98F1645DAA10087C0EE /* UIKit.framework */,
				B87EB9911645DAA10087C0EE /* Foundation.framework */,
				B87EB9931645DAA10087C0EE /* CoreGraphics.framework */,
			);
			name = Frameworks;
			sourceTree = "<group>";
		};
		B87EB9951645DAA10087C0EE /* Beers with memory */ = {
			isa = PBXGroup;
			children = (
				B87EB99E1645DAA10087C0EE /* AppDelegate.h */,
				B87EB99F1645DAA10087C0EE /* AppDelegate.m */,
				B87EB9A71645DAA10087C0EE /* BeersViewController.h */,
				B87EB9A81645DAA10087C0EE /* BeersViewController.m */,
				B87EB9AA1645DAA10087C0EE /* BeersViewController.xib */,
				B863BBF01646BE7600963FE0 /* EditBeerViewController.h */,
				B863BBF11646BE7600963FE0 /* EditBeerViewController.m */,
				B863BBF21646BE7600963FE0 /* EditBeerViewController.xib */,
				B8E72F2D164662A9003A71DB /* BeerDetailViewController.h */,
				B8E72F2E164662A9003A71DB /* BeerDetailViewController.m */,
				B8E72F2F164662A9003A71DB /* BeerDetailViewController.xib */,
				B87EB9961645DAA10087C0EE /* Supporting Files */,
			);
			path = "Beers with memory";
			sourceTree = "<group>";
		};
		B87EB9961645DAA10087C0EE /* Supporting Files */ = {
			isa = PBXGroup;
			children = (
				B87EB9971645DAA10087C0EE /* Beers with memory-Info.plist */,
				B87EB9981645DAA10087C0EE /* InfoPlist.strings */,
				B87EB99B1645DAA10087C0EE /* main.m */,
				B87EB99D1645DAA10087C0EE /* Beers with memory-Prefix.pch */,
				B87EB9A11645DAA10087C0EE /* Default.png */,
				B87EB9A31645DAA10087C0EE /* Default@2x.png */,
				B87EB9A51645DAA10087C0EE /* Default-568h@2x.png */,
			);
			name = "Supporting Files";
			sourceTree = "<group>";
		};
		B87EB9ED1645DEA60087C0EE /* Images */ = {
			isa = PBXGroup;
			children = (
				B87EB9B91645DEA10087C0EE /* beer_allagash_white.jpg */,
				B87EB9BA1645DEA10087C0EE /* beer_anchor_christmas.jpg */,
				B87EB9BB1645DEA10087C0EE /* beer_anchor_steam.jpg */,
			);
			name = Images;
			sourceTree = "<group>";
		};
		B87EB9EE1645DEAB0087C0EE /* Model */ = {
			isa = PBXGroup;
			children = (
				B8E72F7016467F8A003A71DB /* DataModel.h */,
				B8E72F7116467F8A003A71DB /* DataModel.m */,
				B87EB9B61645DB920087C0EE /* Beer.h */,
				B87EB9B71645DB920087C0EE /* Beer.m */,
			);
			name = Model;
			sourceTree = "<group>";
		};
/* End PBXGroup section */

/* Begin PBXNativeTarget section */
		B87EB98A1645DAA10087C0EE /* Beers with memory */ = {
			isa = PBXNativeTarget;
			buildConfigurationList = B87EB9AF1645DAA10087C0EE /* Build configuration list for PBXNativeTarget "Beers with memory" */;
			buildPhases = (
				B87EB9871645DAA10087C0EE /* Sources */,
				B87EB9881645DAA10087C0EE /* Frameworks */,
				B87EB9891645DAA10087C0EE /* Resources */,
			);
			buildRules = (
			);
			dependencies = (
			);
			name = "Beers with memory";
			productName = "Beers with memory";
			productReference = B87EB98B1645DAA10087C0EE /* Beers with memory.app */;
			productType = "com.apple.product-type.application";
		};
/* End PBXNativeTarget section */

/* Begin PBXProject section */
		B87EB9821645DAA10087C0EE /* Project object */ = {
			isa = PBXProject;
			attributes = {
				LastUpgradeCheck = 0450;
				ORGANIZATIONNAME = "Grégoire Jacquin";
			};
			buildConfigurationList = B87EB9851645DAA10087C0EE /* Build configuration list for PBXProject "Beers with memory" */;
			compatibilityVersion = "Xcode 3.2";
			developmentRegion = English;
			hasScannedForEncodings = 0;
			knownRegions = (
				en,
			);
			mainGroup = B87EB9801645DAA10087C0EE;
			productRefGroup = B87EB98C1645DAA10087C0EE /* Products */;
			projectDirPath = "";
			projectRoot = "";
			targets = (
				B87EB98A1645DAA10087C0EE /* Beers with memory */,
			);
		};
/* End PBXProject section */

/* Begin PBXResourcesBuildPhase section */
		B87EB9891645DAA10087C0EE /* Resources */ = {
			isa = PBXResourcesBuildPhase;
			buildActionMask = 2147483647;
			files = (
				B87EB99A1645DAA10087C0EE /* InfoPlist.strings in Resources */,
				B87EB9A21645DAA10087C0EE /* Default.png in Resources */,
				B87EB9A41645DAA10087C0EE /* Default@2x.png in Resources */,
				B87EB9A61645DAA10087C0EE /* Default-568h@2x.png in Resources */,
				B87EB9AC1645DAA10087C0EE /* BeersViewController.xib in Resources */,
				B87EB9D31645DEA10087C0EE /* beer_allagash_white.jpg in Resources */,
				B87EB9D41645DEA10087C0EE /* beer_anchor_christmas.jpg in Resources */,
				B87EB9D51645DEA10087C0EE /* beer_anchor_steam.jpg in Resources */,
				B8E72F31164662A9003A71DB /* BeerDetailViewController.xib in Resources */,
				B863BBF41646BE7600963FE0 /* EditBeerViewController.xib in Resources */,
			);
			runOnlyForDeploymentPostprocessing = 0;
		};
/* End PBXResourcesBuildPhase section */

/* Begin PBXSourcesBuildPhase section */
		B87EB9871645DAA10087C0EE /* Sources */ = {
			isa = PBXSourcesBuildPhase;
			buildActionMask = 2147483647;
			files = (
				B87EB99C1645DAA10087C0EE /* main.m in Sources */,
				B87EB9A01645DAA10087C0EE /* AppDelegate.m in Sources */,
				B87EB9A91645DAA10087C0EE /* BeersViewController.m in Sources */,
				B87EB9B81645DB920087C0EE /* Beer.m in Sources */,
				B8E72F30164662A9003A71DB /* BeerDetailViewController.m in Sources */,
				B8E72F7216467F8A003A71DB /* DataModel.m in Sources */,
				B863BBF31646BE7600963FE0 /* EditBeerViewController.m in Sources */,
			);
			runOnlyForDeploymentPostprocessing = 0;
		};
/* End PBXSourcesBuildPhase section */

/* Begin PBXVariantGroup section */
		B87EB9981645DAA10087C0EE /* InfoPlist.strings */ = {
			isa = PBXVariantGroup;
			children = (
				B87EB9991645DAA10087C0EE /* en */,
			);
			name = InfoPlist.strings;
			sourceTree = "<group>";
		};
		B87EB9AA1645DAA10087C0EE /* BeersViewController.xib */ = {
			isa = PBXVariantGroup;
			children = (
				B87EB9AB1645DAA10087C0EE /* en */,
			);
			name = BeersViewController.xib;
			sourceTree = "<group>";
		};
/* End PBXVariantGroup section */

/* Begin XCBuildConfiguration section */
		B87EB9AD1645DAA10087C0EE /* Debug */ = {
			isa = XCBuildConfiguration;
			buildSettings = {
				ALWAYS_SEARCH_USER_PATHS = NO;
				CLANG_CXX_LANGUAGE_STANDARD = "gnu++0x";
				CLANG_CXX_LIBRARY = "libc++";
				CLANG_WARN_EMPTY_BODY = YES;
				CLANG_WARN__DUPLICATE_METHOD_MATCH = YES;
				"CODE_SIGN_IDENTITY[sdk=iphoneos*]" = "iPhone Developer";
				COPY_PHASE_STRIP = NO;
				GCC_C_LANGUAGE_STANDARD = gnu99;
				GCC_DYNAMIC_NO_PIC = NO;
				GCC_OPTIMIZATION_LEVEL = 0;
				GCC_PREPROCESSOR_DEFINITIONS = (
					"DEBUG=1",
					"$(inherited)",
				);
				GCC_SYMBOLS_PRIVATE_EXTERN = NO;
				GCC_WARN_ABOUT_RETURN_TYPE = YES;
				GCC_WARN_UNINITIALIZED_AUTOS = YES;
				GCC_WARN_UNUSED_VARIABLE = YES;
				IPHONEOS_DEPLOYMENT_TARGET = 6.0;
				ONLY_ACTIVE_ARCH = YES;
				SDKROOT = iphoneos;
			};
			name = Debug;
		};
		B87EB9AE1645DAA10087C0EE /* Release */ = {
			isa = XCBuildConfiguration;
			buildSettings = {
				ALWAYS_SEARCH_USER_PATHS = NO;
				CLANG_CXX_LANGUAGE_STANDARD = "gnu++0x";
				CLANG_CXX_LIBRARY = "libc++";
				CLANG_WARN_EMPTY_BODY = YES;
				CLANG_WARN__DUPLICATE_METHOD_MATCH = YES;
				"CODE_SIGN_IDENTITY[sdk=iphoneos*]" = "iPhone Developer";
				COPY_PHASE_STRIP = YES;
				GCC_C_LANGUAGE_STANDARD = gnu99;
				GCC_WARN_ABOUT_RETURN_TYPE = YES;
				GCC_WARN_UNINITIALIZED_AUTOS = YES;
				GCC_WARN_UNUSED_VARIABLE = YES;
				IPHONEOS_DEPLOYMENT_TARGET = 6.0;
				OTHER_CFLAGS = "-DNS_BLOCK_ASSERTIONS=1";
				SDKROOT = iphoneos;
				VALIDATE_PRODUCT = YES;
			};
			name = Release;
		};
		B87EB9B01645DAA10087C0EE /* Debug */ = {
			isa = XCBuildConfiguration;
			buildSettings = {
				GCC_PRECOMPILE_PREFIX_HEADER = YES;
				GCC_PREFIX_HEADER = "Beers with memory/Beers with memory-Prefix.pch";
				INFOPLIST_FILE = "Beers with memory/Beers with memory-Info.plist";
				PRODUCT_NAME = "$(TARGET_NAME)";
				WRAPPER_EXTENSION = app;
			};
			name = Debug;
		};
		B87EB9B11645DAA10087C0EE /* Release */ = {
			isa = XCBuildConfiguration;
			buildSettings = {
				GCC_PRECOMPILE_PREFIX_HEADER = YES;
				GCC_PREFIX_HEADER = "Beers with memory/Beers with memory-Prefix.pch";
				INFOPLIST_FILE = "Beers with memory/Beers with memory-Info.plist";
				PRODUCT_NAME = "$(TARGET_NAME)";
				WRAPPER_EXTENSION = app;
			};
			name = Release;
		};
/* End XCBuildConfiguration section */

/* Begin XCConfigurationList section */
		B87EB9851645DAA10087C0EE /* Build configuration list for PBXProject "Beers with memory" */ = {
			isa = XCConfigurationList;
			buildConfigurations = (
				B87EB9AD1645DAA10087C0EE /* Debug */,
				B87EB9AE1645DAA10087C0EE /* Release */,
			);
			defaultConfigurationIsVisible = 0;
			defaultConfigurationName = Release;
		};
		B87EB9AF1645DAA10087C0EE /* Build configuration list for PBXNativeTarget "Beers with memory" */ = {
			isa = XCConfigurationList;
			buildConfigurations = (
				B87EB9B01645DAA10087C0EE /* Debug */,
				B87EB9B11645DAA10087C0EE /* Release */,
			);
			defaultConfigurationIsVisible = 0;
			defaultConfigurationName = Release;
		};
/* End XCConfigurationList section */
	};
	rootObject = B87EB9821645DAA10087C0EE /* Project object */;
}
